// !$*UTF8*$!
{
	archiveVersion = 1;
	classes = {
	};
	objectVersion = 48;
	objects = {

/* Begin PBXBuildFile section */
		77D0E7671F29E771004865EE /* AppDelegate.swift in Sources */ = {isa = PBXBuildFile; fileRef = 77D0E7661F29E771004865EE /* AppDelegate.swift */; };
		77D0E7691F29E771004865EE /* art.scnassets in Resources */ = {isa = PBXBuildFile; fileRef = 77D0E7681F29E771004865EE /* art.scnassets */; };
		77D0E76B1F29E771004865EE /* ViewController.swift in Sources */ = {isa = PBXBuildFile; fileRef = 77D0E76A1F29E771004865EE /* ViewController.swift */; };
		77D0E76E1F29E771004865EE /* Main.storyboard in Resources */ = {isa = PBXBuildFile; fileRef = 77D0E76C1F29E771004865EE /* Main.storyboard */; };
		77D0E7701F29E771004865EE /* Assets.xcassets in Resources */ = {isa = PBXBuildFile; fileRef = 77D0E76F1F29E771004865EE /* Assets.xcassets */; };
		77D0E7731F29E771004865EE /* LaunchScreen.storyboard in Resources */ = {isa = PBXBuildFile; fileRef = 77D0E7711F29E771004865EE /* LaunchScreen.storyboard */; };
		77D0E77E1F29E771004865EE /* scene_kitTests.swift in Sources */ = {isa = PBXBuildFile; fileRef = 77D0E77D1F29E771004865EE /* scene_kitTests.swift */; };
		77D0E7891F29E771004865EE /* scene_kitUITests.swift in Sources */ = {isa = PBXBuildFile; fileRef = 77D0E7881F29E771004865EE /* scene_kitUITests.swift */; };
/* End PBXBuildFile section */

/* Begin PBXContainerItemProxy section */
		77D0E77A1F29E771004865EE /* PBXContainerItemProxy */ = {
			isa = PBXContainerItemProxy;
			containerPortal = 77D0E75B1F29E770004865EE /* Project object */;
			proxyType = 1;
			remoteGlobalIDString = 77D0E7621F29E771004865EE;
			remoteInfo = scene_kit;
		};
		77D0E7851F29E771004865EE /* PBXContainerItemProxy */ = {
			isa = PBXContainerItemProxy;
			containerPortal = 77D0E75B1F29E770004865EE /* Project object */;
			proxyType = 1;
			remoteGlobalIDString = 77D0E7621F29E771004865EE;
			remoteInfo = scene_kit;
		};
/* End PBXContainerItemProxy section */

/* Begin PBXFileReference section */
		77D0E7631F29E771004865EE /* scene_kit.app */ = {isa = PBXFileReference; explicitFileType = wrapper.application; includeInIndex = 0; path = scene_kit.app; sourceTree = BUILT_PRODUCTS_DIR; };
		77D0E7661F29E771004865EE /* AppDelegate.swift */ = {isa = PBXFileReference; lastKnownFileType = sourcecode.swift; path = AppDelegate.swift; sourceTree = "<group>"; };
		77D0E7681F29E771004865EE /* art.scnassets */ = {isa = PBXFileReference; lastKnownFileType = wrapper.scnassets; path = art.scnassets; sourceTree = "<group>"; };
		77D0E76A1F29E771004865EE /* ViewController.swift */ = {isa = PBXFileReference; lastKnownFileType = sourcecode.swift; path = ViewController.swift; sourceTree = "<group>"; };
		77D0E76D1F29E771004865EE /* Base */ = {isa = PBXFileReference; lastKnownFileType = file.storyboard; name = Base; path = Base.lproj/Main.storyboard; sourceTree = "<group>"; };
		77D0E76F1F29E771004865EE /* Assets.xcassets */ = {isa = PBXFileReference; lastKnownFileType = folder.assetcatalog; path = Assets.xcassets; sourceTree = "<group>"; };
		77D0E7721F29E771004865EE /* Base */ = {isa = PBXFileReference; lastKnownFileType = file.storyboard; name = Base; path = Base.lproj/LaunchScreen.storyboard; sourceTree = "<group>"; };
		77D0E7741F29E771004865EE /* Info.plist */ = {isa = PBXFileReference; lastKnownFileType = text.plist.xml; path = Info.plist; sourceTree = "<group>"; };
		77D0E7791F29E771004865EE /* scene_kitTests.xctest */ = {isa = PBXFileReference; explicitFileType = wrapper.cfbundle; includeInIndex = 0; path = scene_kitTests.xctest; sourceTree = BUILT_PRODUCTS_DIR; };
		77D0E77D1F29E771004865EE /* scene_kitTests.swift */ = {isa = PBXFileReference; lastKnownFileType = sourcecode.swift; path = scene_kitTests.swift; sourceTree = "<group>"; };
		77D0E77F1F29E771004865EE /* Info.plist */ = {isa = PBXFileReference; lastKnownFileType = text.plist.xml; path = Info.plist; sourceTree = "<group>"; };
		77D0E7841F29E771004865EE /* scene_kitUITests.xctest */ = {isa = PBXFileReference; explicitFileType = wrapper.cfbundle; includeInIndex = 0; path = scene_kitUITests.xctest; sourceTree = BUILT_PRODUCTS_DIR; };
		77D0E7881F29E771004865EE /* scene_kitUITests.swift */ = {isa = PBXFileReference; lastKnownFileType = sourcecode.swift; path = scene_kitUITests.swift; sourceTree = "<group>"; };
		77D0E78A1F29E771004865EE /* Info.plist */ = {isa = PBXFileReference; lastKnownFileType = text.plist.xml; path = Info.plist; sourceTree = "<group>"; };
/* End PBXFileReference section */

/* Begin PBXFrameworksBuildPhase section */
		77D0E7601F29E771004865EE /* Frameworks */ = {
			isa = PBXFrameworksBuildPhase;
			buildActionMask = 2147483647;
			files = (
			);
			runOnlyForDeploymentPostprocessing = 0;
		};
		77D0E7761F29E771004865EE /* Frameworks */ = {
			isa = PBXFrameworksBuildPhase;
			buildActionMask = 2147483647;
			files = (
			);
			runOnlyForDeploymentPostprocessing = 0;
		};
		77D0E7811F29E771004865EE /* Frameworks */ = {
			isa = PBXFrameworksBuildPhase;
			buildActionMask = 2147483647;
			files = (
			);
			runOnlyForDeploymentPostprocessing = 0;
		};
/* End PBXFrameworksBuildPhase section */

/* Begin PBXGroup section */
		77D0E75A1F29E770004865EE = {
			isa = PBXGroup;
			children = (
				77D0E7651F29E771004865EE /* scene_kit */,
				77D0E77C1F29E771004865EE /* scene_kitTests */,
				77D0E7871F29E771004865EE /* scene_kitUITests */,
				77D0E7641F29E771004865EE /* Products */,
			);
			sourceTree = "<group>";
		};
		77D0E7641F29E771004865EE /* Products */ = {
			isa = PBXGroup;
			children = (
				77D0E7631F29E771004865EE /* scene_kit.app */,
				77D0E7791F29E771004865EE /* scene_kitTests.xctest */,
				77D0E7841F29E771004865EE /* scene_kitUITests.xctest */,
			);
			name = Products;
			sourceTree = "<group>";
		};
		77D0E7651F29E771004865EE /* scene_kit */ = {
			isa = PBXGroup;
			children = (
				77D0E7661F29E771004865EE /* AppDelegate.swift */,
				77D0E7681F29E771004865EE /* art.scnassets */,
				77D0E76A1F29E771004865EE /* ViewController.swift */,
				77D0E76C1F29E771004865EE /* Main.storyboard */,
				77D0E76F1F29E771004865EE /* Assets.xcassets */,
				77D0E7711F29E771004865EE /* LaunchScreen.storyboard */,
				77D0E7741F29E771004865EE /* Info.plist */,
			);
			path = scene_kit;
			sourceTree = "<group>";
		};
		77D0E77C1F29E771004865EE /* scene_kitTests */ = {
			isa = PBXGroup;
			children = (
				77D0E77D1F29E771004865EE /* scene_kitTests.swift */,
				77D0E77F1F29E771004865EE /* Info.plist */,
			);
			path = scene_kitTests;
			sourceTree = "<group>";
		};
		77D0E7871F29E771004865EE /* scene_kitUITests */ = {
			isa = PBXGroup;
			children = (
				77D0E7881F29E771004865EE /* scene_kitUITests.swift */,
				77D0E78A1F29E771004865EE /* Info.plist */,
			);
			path = scene_kitUITests;
			sourceTree = "<group>";
		};
/* End PBXGroup section */

/* Begin PBXNativeTarget section */
		77D0E7621F29E771004865EE /* scene_kit */ = {
			isa = PBXNativeTarget;
			buildConfigurationList = 77D0E78D1F29E771004865EE /* Build configuration list for PBXNativeTarget "scene_kit" */;
			buildPhases = (
				77D0E75F1F29E771004865EE /* Sources */,
				77D0E7601F29E771004865EE /* Frameworks */,
				77D0E7611F29E771004865EE /* Resources */,
			);
			buildRules = (
			);
			dependencies = (
			);
			name = scene_kit;
			productName = scene_kit;
			productReference = 77D0E7631F29E771004865EE /* scene_kit.app */;
			productType = "com.apple.product-type.application";
		};
		77D0E7781F29E771004865EE /* scene_kitTests */ = {
			isa = PBXNativeTarget;
			buildConfigurationList = 77D0E7901F29E771004865EE /* Build configuration list for PBXNativeTarget "scene_kitTests" */;
			buildPhases = (
				77D0E7751F29E771004865EE /* Sources */,
				77D0E7761F29E771004865EE /* Frameworks */,
				77D0E7771F29E771004865EE /* Resources */,
			);
			buildRules = (
			);
			dependencies = (
				77D0E77B1F29E771004865EE /* PBXTargetDependency */,
			);
			name = scene_kitTests;
			productName = scene_kitTests;
			productReference = 77D0E7791F29E771004865EE /* scene_kitTests.xctest */;
			productType = "com.apple.product-type.bundle.unit-test";
		};
		77D0E7831F29E771004865EE /* scene_kitUITests */ = {
			isa = PBXNativeTarget;
			buildConfigurationList = 77D0E7931F29E771004865EE /* Build configuration list for PBXNativeTarget "scene_kitUITests" */;
			buildPhases = (
				77D0E7801F29E771004865EE /* Sources */,
				77D0E7811F29E771004865EE /* Frameworks */,
				77D0E7821F29E771004865EE /* Resources */,
			);
			buildRules = (
			);
			dependencies = (
				77D0E7861F29E771004865EE /* PBXTargetDependency */,
			);
			name = scene_kitUITests;
			productName = scene_kitUITests;
			productReference = 77D0E7841F29E771004865EE /* scene_kitUITests.xctest */;
			productType = "com.apple.product-type.bundle.ui-testing";
		};
/* End PBXNativeTarget section */

/* Begin PBXProject section */
		77D0E75B1F29E770004865EE /* Project object */ = {
			isa = PBXProject;
			attributes = {
				LastSwiftUpdateCheck = 0900;
				LastUpgradeCheck = 0900;
				ORGANIZATIONNAME = "LaKeel Development Group";
				TargetAttributes = {
					77D0E7621F29E771004865EE = {
						CreatedOnToolsVersion = 9.0;
					};
					77D0E7781F29E771004865EE = {
						CreatedOnToolsVersion = 9.0;
						TestTargetID = 77D0E7621F29E771004865EE;
					};
					77D0E7831F29E771004865EE = {
						CreatedOnToolsVersion = 9.0;
						TestTargetID = 77D0E7621F29E771004865EE;
					};
				};
			};
			buildConfigurationList = 77D0E75E1F29E770004865EE /* Build configuration list for PBXProject "scene_kit" */;
			compatibilityVersion = "Xcode 8.0";
			developmentRegion = en;
			hasScannedForEncodings = 0;
			knownRegions = (
				en,
				Base,
			);
			mainGroup = 77D0E75A1F29E770004865EE;
			productRefGroup = 77D0E7641F29E771004865EE /* Products */;
			projectDirPath = "";
			projectRoot = "";
			targets = (
				77D0E7621F29E771004865EE /* scene_kit */,
				77D0E7781F29E771004865EE /* scene_kitTests */,
				77D0E7831F29E771004865EE /* scene_kitUITests */,
			);
		};
/* End PBXProject section */

/* Begin PBXResourcesBuildPhase section */
		77D0E7611F29E771004865EE /* Resources */ = {
			isa = PBXResourcesBuildPhase;
			buildActionMask = 2147483647;
			files = (
				77D0E7691F29E771004865EE /* art.scnassets in Resources */,
				77D0E7731F29E771004865EE /* LaunchScreen.storyboard in Resources */,
				77D0E7701F29E771004865EE /* Assets.xcassets in Resources */,
				77D0E76E1F29E771004865EE /* Main.storyboard in Resources */,
			);
			runOnlyForDeploymentPostprocessing = 0;
		};
		77D0E7771F29E771004865EE /* Resources */ = {
			isa = PBXResourcesBuildPhase;
			buildActionMask = 2147483647;
			files = (
			);
			runOnlyForDeploymentPostprocessing = 0;
		};
		77D0E7821F29E771004865EE /* Resources */ = {
			isa = PBXResourcesBuildPhase;
			buildActionMask = 2147483647;
			files = (
			);
			runOnlyForDeploymentPostprocessing = 0;
		};
/* End PBXResourcesBuildPhase section */

/* Begin PBXSourcesBuildPhase section */
		77D0E75F1F29E771004865EE /* Sources */ = {
			isa = PBXSourcesBuildPhase;
			buildActionMask = 2147483647;
			files = (
				77D0E76B1F29E771004865EE /* ViewController.swift in Sources */,
				77D0E7671F29E771004865EE /* AppDelegate.swift in Sources */,
			);
			runOnlyForDeploymentPostprocessing = 0;
		};
		77D0E7751F29E771004865EE /* Sources */ = {
			isa = PBXSourcesBuildPhase;
			buildActionMask = 2147483647;
			files = (
				77D0E77E1F29E771004865EE /* scene_kitTests.swift in Sources */,
			);
			runOnlyForDeploymentPostprocessing = 0;
		};
		77D0E7801F29E771004865EE /* Sources */ = {
			isa = PBXSourcesBuildPhase;
			buildActionMask = 2147483647;
			files = (
				77D0E7891F29E771004865EE /* scene_kitUITests.swift in Sources */,
			);
			runOnlyForDeploymentPostprocessing = 0;
		};
/* End PBXSourcesBuildPhase section */

/* Begin PBXTargetDependency section */
		77D0E77B1F29E771004865EE /* PBXTargetDependency */ = {
			isa = PBXTargetDependency;
			target = 77D0E7621F29E771004865EE /* scene_kit */;
			targetProxy = 77D0E77A1F29E771004865EE /* PBXContainerItemProxy */;
		};
		77D0E7861F29E771004865EE /* PBXTargetDependency */ = {
			isa = PBXTargetDependency;
			target = 77D0E7621F29E771004865EE /* scene_kit */;
			targetProxy = 77D0E7851F29E771004865EE /* PBXContainerItemProxy */;
		};
/* End PBXTargetDependency section */

/* Begin PBXVariantGroup section */
		77D0E76C1F29E771004865EE /* Main.storyboard */ = {
			isa = PBXVariantGroup;
			children = (
				77D0E76D1F29E771004865EE /* Base */,
			);
			name = Main.storyboard;
			sourceTree = "<group>";
		};
		77D0E7711F29E771004865EE /* LaunchScreen.storyboard */ = {
			isa = PBXVariantGroup;
			children = (
				77D0E7721F29E771004865EE /* Base */,
			);
			name = LaunchScreen.storyboard;
			sourceTree = "<group>";
		};
/* End PBXVariantGroup section */

/* Begin XCBuildConfiguration section */
		77D0E78B1F29E771004865EE /* Debug */ = {
			isa = XCBuildConfiguration;
			buildSettings = {
				ALWAYS_SEARCH_USER_PATHS = NO;
				CLANG_ANALYZER_NONNULL = YES;
				CLANG_ANALYZER_NUMBER_OBJECT_CONVERSION = YES_AGGRESSIVE;
				CLANG_CXX_LANGUAGE_STANDARD = "gnu++14";
				CLANG_CXX_LIBRARY = "libc++";
				CLANG_ENABLE_MODULES = YES;
				CLANG_ENABLE_OBJC_ARC = YES;
				CLANG_WARN_BLOCK_CAPTURE_AUTORELEASING = YES;
				CLANG_WARN_BOOL_CONVERSION = YES;
				CLANG_WARN_COMMA = YES;
				CLANG_WARN_CONSTANT_CONVERSION = YES;
				CLANG_WARN_DIRECT_OBJC_ISA_USAGE = YES_ERROR;
				CLANG_WARN_DOCUMENTATION_COMMENTS = YES;
				CLANG_WARN_EMPTY_BODY = YES;
				CLANG_WARN_ENUM_CONVERSION = YES;
				CLANG_WARN_INFINITE_RECURSION = YES;
				CLANG_WARN_INT_CONVERSION = YES;
				CLANG_WARN_NON_LITERAL_NULL_CONVERSION = YES;
				CLANG_WARN_OBJC_LITERAL_CONVERSION = YES;
				CLANG_WARN_OBJC_ROOT_CLASS = YES_ERROR;
				CLANG_WARN_RANGE_LOOP_ANALYSIS = YES;
				CLANG_WARN_STRICT_PROTOTYPES = YES;
				CLANG_WARN_SUSPICIOUS_MOVE = YES;
				CLANG_WARN_UNGUARDED_AVAILABILITY = YES_AGGRESSIVE;
				CLANG_WARN_UNREACHABLE_CODE = YES;
				CLANG_WARN__DUPLICATE_METHOD_MATCH = YES;
				CODE_SIGN_IDENTITY = "iPhone Developer";
				COPY_PHASE_STRIP = NO;
				DEBUG_INFORMATION_FORMAT = dwarf;
				ENABLE_STRICT_OBJC_MSGSEND = YES;
				ENABLE_TESTABILITY = YES;
				GCC_C_LANGUAGE_STANDARD = gnu11;
				GCC_DYNAMIC_NO_PIC = NO;
				GCC_NO_COMMON_BLOCKS = YES;
				GCC_OPTIMIZATION_LEVEL = 0;
				GCC_PREPROCESSOR_DEFINITIONS = (
					"DEBUG=1",
					"$(inherited)",
				);
				GCC_WARN_64_TO_32_BIT_CONVERSION = YES;
				GCC_WARN_ABOUT_RETURN_TYPE = YES_ERROR;
				GCC_WARN_UNDECLARED_SELECTOR = YES;
				GCC_WARN_UNINITIALIZED_AUTOS = YES_AGGRESSIVE;
				GCC_WARN_UNUSED_FUNCTION = YES;
				GCC_WARN_UNUSED_VARIABLE = YES;
				IPHONEOS_DEPLOYMENT_TARGET = 11.0;
				MTL_ENABLE_DEBUG_INFO = YES;
				ONLY_ACTIVE_ARCH = YES;
				SDKROOT = iphoneos;
				SWIFT_ACTIVE_COMPILATION_CONDITIONS = DEBUG;
				SWIFT_OPTIMIZATION_LEVEL = "-Onone";
			};
			name = Debug;
		};
		77D0E78C1F29E771004865EE /* Release */ = {
			isa = XCBuildConfiguration;
			buildSettings = {
				ALWAYS_SEARCH_USER_PATHS = NO;
				CLANG_ANALYZER_NONNULL = YES;
				CLANG_ANALYZER_NUMBER_OBJECT_CONVERSION = YES_AGGRESSIVE;
				CLANG_CXX_LANGUAGE_STANDARD = "gnu++14";
				CLANG_CXX_LIBRARY = "libc++";
				CLANG_ENABLE_MODULES = YES;
				CLANG_ENABLE_OBJC_ARC = YES;
				CLANG_WARN_BLOCK_CAPTURE_AUTORELEASING = YES;
				CLANG_WARN_BOOL_CONVERSION = YES;
				CLANG_WARN_COMMA = YES;
				CLANG_WARN_CONSTANT_CONVERSION = YES;
				CLANG_WARN_DIRECT_OBJC_ISA_USAGE = YES_ERROR;
				CLANG_WARN_DOCUMENTATION_COMMENTS = YES;
				CLANG_WARN_EMPTY_BODY = YES;
				CLANG_WARN_ENUM_CONVERSION = YES;
				CLANG_WARN_INFINITE_RECURSION = YES;
				CLANG_WARN_INT_CONVERSION = YES;
				CLANG_WARN_NON_LITERAL_NULL_CONVERSION = YES;
				CLANG_WARN_OBJC_LITERAL_CONVERSION = YES;
				CLANG_WARN_OBJC_ROOT_CLASS = YES_ERROR;
				CLANG_WARN_RANGE_LOOP_ANALYSIS = YES;
				CLANG_WARN_STRICT_PROTOTYPES = YES;
				CLANG_WARN_SUSPICIOUS_MOVE = YES;
				CLANG_WARN_UNGUARDED_AVAILABILITY = YES_AGGRESSIVE;
				CLANG_WARN_UNREACHABLE_CODE = YES;
				CLANG_WARN__DUPLICATE_METHOD_MATCH = YES;
				CODE_SIGN_IDENTITY = "iPhone Developer";
				COPY_PHASE_STRIP = NO;
				DEBUG_INFORMATION_FORMAT = "dwarf-with-dsym";
				ENABLE_NS_ASSERTIONS = NO;
				ENABLE_STRICT_OBJC_MSGSEND = YES;
				GCC_C_LANGUAGE_STANDARD = gnu11;
				GCC_NO_COMMON_BLOCKS = YES;
				GCC_WARN_64_TO_32_BIT_CONVERSION = YES;
				GCC_WARN_ABOUT_RETURN_TYPE = YES_ERROR;
				GCC_WARN_UNDECLARED_SELECTOR = YES;
				GCC_WARN_UNINITIALIZED_AUTOS = YES_AGGRESSIVE;
				GCC_WARN_UNUSED_FUNCTION = YES;
				GCC_WARN_UNUSED_VARIABLE = YES;
				IPHONEOS_DEPLOYMENT_TARGET = 11.0;
				MTL_ENABLE_DEBUG_INFO = NO;
				SDKROOT = iphoneos;
				SWIFT_OPTIMIZATION_LEVEL = "-Owholemodule";
				VALIDATE_PRODUCT = YES;
			};
			name = Release;
		};
		77D0E78E1F29E771004865EE /* Debug */ = {
			isa = XCBuildConfiguration;
			buildSettings = {
				ASSETCATALOG_COMPILER_APPICON_NAME = AppIcon;
				DEVELOPMENT_TEAM = "";
				INFOPLIST_FILE = scene_kit/Info.plist;
				LD_RUNPATH_SEARCH_PATHS = "$(inherited) @executable_path/Frameworks";
				PRODUCT_BUNDLE_IDENTIFIER = "sunada.ke.scene-kit";
				PRODUCT_NAME = "$(TARGET_NAME)";
				SWIFT_VERSION = 4.0;
				TARGETED_DEVICE_FAMILY = "1,2";
			};
			name = Debug;
		};
		77D0E78F1F29E771004865EE /* Release */ = {
			isa = XCBuildConfiguration;
			buildSettings = {
				ASSETCATALOG_COMPILER_APPICON_NAME = AppIcon;
				DEVELOPMENT_TEAM = "";
				INFOPLIST_FILE = scene_kit/Info.plist;
				LD_RUNPATH_SEARCH_PATHS = "$(inherited) @executable_path/Frameworks";
				PRODUCT_BUNDLE_IDENTIFIER = "sunada.ke.scene-kit";
				PRODUCT_NAME = "$(TARGET_NAME)";
				SWIFT_VERSION = 4.0;
				TARGETED_DEVICE_FAMILY = "1,2";
			};
			name = Release;
		};
		77D0E7911F29E771004865EE /* Debug */ = {
			isa = XCBuildConfiguration;
			buildSettings = {
				ALWAYS_EMBED_SWIFT_STANDARD_LIBRARIES = YES;
				BUNDLE_LOADER = "$(TEST_HOST)";
				INFOPLIST_FILE = scene_kitTests/Info.plist;
				LD_RUNPATH_SEARCH_PATHS = "$(inherited) @executable_path/Frameworks @loader_path/Frameworks";
				PRODUCT_BUNDLE_IDENTIFIER = "sunada.ke.scene-kitTests";
				PRODUCT_NAME = "$(TARGET_NAME)";
				SWIFT_VERSION = 4.0;
				TARGETED_DEVICE_FAMILY = "1,2";
				TEST_HOST = "$(BUILT_PRODUCTS_DIR)/scene_kit.app/scene_kit";
			};
			name = Debug;
		};
		77D0E7921F29E771004865EE /* Release */ = {
			isa = XCBuildConfiguration;
			buildSettings = {
				ALWAYS_EMBED_SWIFT_STANDARD_LIBRARIES = YES;
				BUNDLE_LOADER = "$(TEST_HOST)";
				INFOPLIST_FILE = scene_kitTests/Info.plist;
				LD_RUNPATH_SEARCH_PATHS = "$(inherited) @executable_path/Frameworks @loader_path/Frameworks";
				PRODUCT_BUNDLE_IDENTIFIER = "sunada.ke.scene-kitTests";
				PRODUCT_NAME = "$(TARGET_NAME)";
				SWIFT_VERSION = 4.0;
				TARGETED_DEVICE_FAMILY = "1,2";
				TEST_HOST = "$(BUILT_PRODUCTS_DIR)/scene_kit.app/scene_kit";
			};
			name = Release;
		};
		77D0E7941F29E771004865EE /* Debug */ = {
			isa = XCBuildConfiguration;
			buildSettings = {
				ALWAYS_EMBED_SWIFT_STANDARD_LIBRARIES = YES;
				INFOPLIST_FILE = scene_kitUITests/Info.plist;
				LD_RUNPATH_SEARCH_PATHS = "$(inherited) @executable_path/Frameworks @loader_path/Frameworks";
				PRODUCT_BUNDLE_IDENTIFIER = "sunada.ke.scene-kitUITests";
				PRODUCT_NAME = "$(TARGET_NAME)";
				SWIFT_VERSION = 4.0;
				TARGETED_DEVICE_FAMILY = "1,2";
				TEST_TARGET_NAME = scene_kit;
			};
			name = Debug;
		};
		77D0E7951F29E771004865EE /* Release */ = {
			isa = XCBuildConfiguration;
			buildSettings = {
				ALWAYS_EMBED_SWIFT_STANDARD_LIBRARIES = YES;
				INFOPLIST_FILE = scene_kitUITests/Info.plist;
				LD_RUNPATH_SEARCH_PATHS = "$(inherited) @executable_path/Frameworks @loader_path/Frameworks";
				PRODUCT_BUNDLE_IDENTIFIER = "sunada.ke.scene-kitUITests";
				PRODUCT_NAME = "$(TARGET_NAME)";
				SWIFT_VERSION = 4.0;
				TARGETED_DEVICE_FAMILY = "1,2";
				TEST_TARGET_NAME = scene_kit;
			};
			name = Release;
		};
/* End XCBuildConfiguration section */

/* Begin XCConfigurationList section */
		77D0E75E1F29E770004865EE /* Build configuration list for PBXProject "scene_kit" */ = {
			isa = XCConfigurationList;
			buildConfigurations = (
				77D0E78B1F29E771004865EE /* Debug */,
				77D0E78C1F29E771004865EE /* Release */,
			);
			defaultConfigurationIsVisible = 0;
			defaultConfigurationName = Release;
		};
		77D0E78D1F29E771004865EE /* Build configuration list for PBXNativeTarget "scene_kit" */ = {
			isa = XCConfigurationList;
			buildConfigurations = (
				77D0E78E1F29E771004865EE /* Debug */,
				77D0E78F1F29E771004865EE /* Release */,
			);
			defaultConfigurationIsVisible = 0;
			defaultConfigurationName = Release;
		};
		77D0E7901F29E771004865EE /* Build configuration list for PBXNativeTarget "scene_kitTests" */ = {
			isa = XCConfigurationList;
			buildConfigurations = (
				77D0E7911F29E771004865EE /* Debug */,
				77D0E7921F29E771004865EE /* Release */,
			);
			defaultConfigurationIsVisible = 0;
			defaultConfigurationName = Release;
		};
		77D0E7931F29E771004865EE /* Build configuration list for PBXNativeTarget "scene_kitUITests" */ = {
			isa = XCConfigurationList;
			buildConfigurations = (
				77D0E7941F29E771004865EE /* Debug */,
				77D0E7951F29E771004865EE /* Release */,
			);
			defaultConfigurationIsVisible = 0;
			defaultConfigurationName = Release;
		};
/* End XCConfigurationList section */
	};
	rootObject = 77D0E75B1F29E770004865EE /* Project object */;
}
